<?xml version="1.0" encoding="utf-8"?>
<Project ToolsVersion="4.0" xmlns="http://schemas.microsoft.com/developer/msbuild/2003">
  <ItemGroup>
    <Filter Include="Source Files">
      <UniqueIdentifier>{4FC737F1-C7A5-4376-A066-2A32D752A2FF}</UniqueIdentifier>
      <Extensions>cpp;c;cc;cxx;c++;cppm;ixx;def;odl;idl;hpj;bat;asm;asmx</Extensions>
    </Filter>
    <Filter Include="Header Files">
      <UniqueIdentifier>{93995380-89BD-4b04-88EB-625FBE52EBFB}</UniqueIdentifier>
      <Extensions>h;hh;hpp;hxx;h++;hm;inl;inc;ipp;xsd</Extensions>
    </Filter>
    <Filter Include="Resource Files">
      <UniqueIdentifier>{67DA6AB6-F800-4c08-8B7A-83BB121AAD01}</UniqueIdentifier>
      <Extensions>rc;ico;cur;bmp;dlg;rc2;rct;bin;rgs;gif;jpg;jpeg;jpe;resx;tiff;tif;png;wav;mfcribbon-ms</Extensions>
    </Filter>
    <Filter Include="Header Files\Shared Memory">
      <UniqueIdentifier>{9279dcf4-d4ef-4f9e-b8ad-50891283b36b}</UniqueIdentifier>
    </Filter>
    <Filter Include="Source Files\Shared Memory">
      <UniqueIdentifier>{1d81ff8a-937a-462b-9c80-8b8e7cf13555}</UniqueIdentifier>
    </Filter>
  </ItemGroup>
  <ItemGroup>
    <ClInclude Include="..\Driver\headers\DeviceProvider.h">
      <Filter>Header Files</Filter>
    </ClInclude>
    <ClInclude Include="..\Driver\headers\HookManager.h">
      <Filter>Header Files</Filter>
    </ClInclude>
    <ClInclude Include="..\Driver\headers\LogManager.h">
      <Filter>Header Files</Filter>
    </ClInclude>
    <ClInclude Include="headers\Utils.h">
      <Filter>Header Files</Filter>
    </ClInclude>
    <ClInclude Include="headers\main.h">
      <Filter>Header Files</Filter>
    </ClInclude>
    <ClInclude Include="headers\SharedDeviceMemoryDriver.h">
      <Filter>Header Files\Shared Memory</Filter>
    </ClInclude>
    <ClInclude Include="headers\ObjectTypeSchemaBaker.h">
      <Filter>Header Files\Shared Memory</Filter>
    </ClInclude>
    <ClInclude Include="headers\ObjectSchemas.h">
      <Filter>Header Files\Shared Memory</Filter>
    </ClInclude>
    <ClInclude Include="headers\DeviceStateModel.h">
      <Filter>Header Files</Filter>
    </ClInclude>
  </ItemGroup>
  <ItemGroup>
    <ClCompile Include="..\Driver\src\DeviceProvider.cpp">
      <Filter>Source Files</Filter>
    </ClCompile>
    <ClCompile Include="..\Driver\src\dllmain.cpp">
      <Filter>Source Files</Filter>
    </ClCompile>
    <ClCompile Include="..\Driver\src\HookManager.cpp">
      <Filter>Source Files</Filter>
    </ClCompile>
    <ClCompile Include="..\Driver\src\LogManager.cpp">
      <Filter>Source Files</Filter>
    </ClCompile>
    <ClCompile Include="src\Utils.cpp">
      <Filter>Source Files</Filter>
    </ClCompile>
    <ClCompile Include="src\main.cpp">
      <Filter>Source Files</Filter>
    </ClCompile>
    <ClCompile Include="src\ObjectTypeSchemaBaker.cpp">
      <Filter>Source Files\Shared Memory</Filter>
    </ClCompile>
    <ClCompile Include="src\SharedDeviceMemoryDriver.cpp">
      <Filter>Source Files\Shared Memory</Filter>
    </ClCompile>
    <ClCompile Include="src\DeviceStateModel.cpp">
      <Filter>Source Files</Filter>
    </ClCompile>
  </ItemGroup>
</Project>